// !$*UTF8*$!
{
	archiveVersion = 1;
	classes = {
	};
	objectVersion = 46;
	objects = {

/* Begin PBXBuildFile section */
		D40B15EC1F80E84400A470D3 /* AppDelegate.swift in Sources */ = {isa = PBXBuildFile; fileRef = D40B15EB1F80E84400A470D3 /* AppDelegate.swift */; };
		D40B15EE1F80E84400A470D3 /* ViewController.swift in Sources */ = {isa = PBXBuildFile; fileRef = D40B15ED1F80E84400A470D3 /* ViewController.swift */; };
		D40B15F11F80E84400A470D3 /* Main.storyboard in Resources */ = {isa = PBXBuildFile; fileRef = D40B15EF1F80E84400A470D3 /* Main.storyboard */; };
		D40B15F31F80E84400A470D3 /* Assets.xcassets in Resources */ = {isa = PBXBuildFile; fileRef = D40B15F21F80E84400A470D3 /* Assets.xcassets */; };
		D40B15F61F80E84400A470D3 /* LaunchScreen.storyboard in Resources */ = {isa = PBXBuildFile; fileRef = D40B15F41F80E84400A470D3 /* LaunchScreen.storyboard */; };
/* End PBXBuildFile section */

/* Begin PBXFileReference section */
		D40B15E81F80E84400A470D3 /* PredictCoffeeRoasting.app */ = {isa = PBXFileReference; explicitFileType = wrapper.application; includeInIndex = 0; path = PredictCoffeeRoasting.app; sourceTree = BUILT_PRODUCTS_DIR; };
		D40B15EB1F80E84400A470D3 /* AppDelegate.swift */ = {isa = PBXFileReference; lastKnownFileType = sourcecode.swift; path = AppDelegate.swift; sourceTree = "<group>"; };
		D40B15ED1F80E84400A470D3 /* ViewController.swift */ = {isa = PBXFileReference; lastKnownFileType = sourcecode.swift; path = ViewController.swift; sourceTree = "<group>"; };
		D40B15F01F80E84400A470D3 /* Base */ = {isa = PBXFileReference; lastKnownFileType = file.storyboard; name = Base; path = Base.lproj/Main.storyboard; sourceTree = "<group>"; };
		D40B15F21F80E84400A470D3 /* Assets.xcassets */ = {isa = PBXFileReference; lastKnownFileType = folder.assetcatalog; path = Assets.xcassets; sourceTree = "<group>"; };
		D40B15F51F80E84400A470D3 /* Base */ = {isa = PBXFileReference; lastKnownFileType = file.storyboard; name = Base; path = Base.lproj/LaunchScreen.storyboard; sourceTree = "<group>"; };
		D40B15F71F80E84400A470D3 /* Info.plist */ = {isa = PBXFileReference; lastKnownFileType = text.plist.xml; path = Info.plist; sourceTree = "<group>"; };
/* End PBXFileReference section */

/* Begin PBXFrameworksBuildPhase section */
		D40B15E51F80E84400A470D3 /* Frameworks */ = {
			isa = PBXFrameworksBuildPhase;
			buildActionMask = 2147483647;
			files = (
			);
			runOnlyForDeploymentPostprocessing = 0;
		};
/* End PBXFrameworksBuildPhase section */

/* Begin PBXGroup section */
		D40B15DF1F80E84400A470D3 = {
			isa = PBXGroup;
			children = (
				D40B15EA1F80E84400A470D3 /* PredictCoffeeRoasting */,
				D40B15E91F80E84400A470D3 /* Products */,
			);
			sourceTree = "<group>";
		};
		D40B15E91F80E84400A470D3 /* Products */ = {
			isa = PBXGroup;
			children = (
				D40B15E81F80E84400A470D3 /* PredictCoffeeRoasting.app */,
			);
			name = Products;
			sourceTree = "<group>";
		};
		D40B15EA1F80E84400A470D3 /* PredictCoffeeRoasting */ = {
			isa = PBXGroup;
			children = (
				D40B15FE1F80EA2600A470D3 /* StoryBoard */,
				D40B15FD1F80EA1900A470D3 /* ViewController */,
				D40B15EB1F80E84400A470D3 /* AppDelegate.swift */,
				D40B15F21F80E84400A470D3 /* Assets.xcassets */,
				D40B15F41F80E84400A470D3 /* LaunchScreen.storyboard */,
				D40B15F71F80E84400A470D3 /* Info.plist */,
			);
			path = PredictCoffeeRoasting;
			sourceTree = "<group>";
		};
		D40B15FD1F80EA1900A470D3 /* ViewController */ = {
			isa = PBXGroup;
			children = (
				D40B15ED1F80E84400A470D3 /* ViewController.swift */,
			);
			name = ViewController;
			sourceTree = "<group>";
		};
		D40B15FE1F80EA2600A470D3 /* StoryBoard */ = {
			isa = PBXGroup;
			children = (
				D40B15EF1F80E84400A470D3 /* Main.storyboard */,
			);
			name = StoryBoard;
			sourceTree = "<group>";
		};
/* End PBXGroup section */

/* Begin PBXNativeTarget section */
		D40B15E71F80E84400A470D3 /* PredictCoffeeRoasting */ = {
			isa = PBXNativeTarget;
			buildConfigurationList = D40B15FA1F80E84400A470D3 /* Build configuration list for PBXNativeTarget "PredictCoffeeRoasting" */;
			buildPhases = (
				D40B15E41F80E84400A470D3 /* Sources */,
				D40B15E51F80E84400A470D3 /* Frameworks */,
				D40B15E61F80E84400A470D3 /* Resources */,
			);
			buildRules = (
			);
			dependencies = (
			);
			name = PredictCoffeeRoasting;
			productName = PredictCoffeeRoasting;
			productReference = D40B15E81F80E84400A470D3 /* PredictCoffeeRoasting.app */;
			productType = "com.apple.product-type.application";
		};
/* End PBXNativeTarget section */

/* Begin PBXProject section */
		D40B15E01F80E84400A470D3 /* Project object */ = {
			isa = PBXProject;
			attributes = {
				LastSwiftUpdateCheck = 0830;
				LastUpgradeCheck = 0830;
				ORGANIZATIONNAME = donggukVision;
				TargetAttributes = {
					D40B15E71F80E84400A470D3 = {
						CreatedOnToolsVersion = 8.3.3;
						DevelopmentTeam = 87BH34CAP6;
						ProvisioningStyle = Automatic;
					};
				};
			};
			buildConfigurationList = D40B15E31F80E84400A470D3 /* Build configuration list for PBXProject "PredictCoffeeRoasting" */;
			compatibilityVersion = "Xcode 3.2";
			developmentRegion = English;
			hasScannedForEncodings = 0;
			knownRegions = (
				en,
				Base,
			);
			mainGroup = D40B15DF1F80E84400A470D3;
			productRefGroup = D40B15E91F80E84400A470D3 /* Products */;
			projectDirPath = "";
			projectRoot = "";
			targets = (
				D40B15E71F80E84400A470D3 /* PredictCoffeeRoasting */,
			);
		};
/* End PBXProject section */

/* Begin PBXResourcesBuildPhase section */
		D40B15E61F80E84400A470D3 /* Resources */ = {
			isa = PBXResourcesBuildPhase;
			buildActionMask = 2147483647;
			files = (
				D40B15F61F80E84400A470D3 /* LaunchScreen.storyboard in Resources */,
				D40B15F31F80E84400A470D3 /* Assets.xcassets in Resources */,
				D40B15F11F80E84400A470D3 /* Main.storyboard in Resources */,
			);
			runOnlyForDeploymentPostprocessing = 0;
		};
/* End PBXResourcesBuildPhase section */

/* Begin PBXSourcesBuildPhase section */
		D40B15E41F80E84400A470D3 /* Sources */ = {
			isa = PBXSourcesBuildPhase;
			buildActionMask = 2147483647;
			files = (
				D40B15EE1F80E84400A470D3 /* ViewController.swift in Sources */,
				D40B15EC1F80E84400A470D3 /* AppDelegate.swift in Sources */,
			);
			runOnlyForDeploymentPostprocessing = 0;
		};
/* End PBXSourcesBuildPhase section */

/* Begin PBXVariantGroup section */
		D40B15EF1F80E84400A470D3 /* Main.storyboard */ = {
			isa = PBXVariantGroup;
			children = (
				D40B15F01F80E84400A470D3 /* Base */,
			);
			name = Main.storyboard;
			sourceTree = "<group>";
		};
		D40B15F41F80E84400A470D3 /* LaunchScreen.storyboard */ = {
			isa = PBXVariantGroup;
			children = (
				D40B15F51F80E84400A470D3 /* Base */,
			);
			name = LaunchScreen.storyboard;
			sourceTree = "<group>";
		};
/* End PBXVariantGroup section */

/* Begin XCBuildConfiguration section */
		D40B15F81F80E84400A470D3 /* Debug */ = {
			isa = XCBuildConfiguration;
			buildSettings = {
				ALWAYS_SEARCH_USER_PATHS = NO;
				CLANG_ANALYZER_NONNULL = YES;
				CLANG_ANALYZER_NUMBER_OBJECT_CONVERSION = YES_AGGRESSIVE;
				CLANG_CXX_LANGUAGE_STANDARD = "gnu++0x";
				CLANG_CXX_LIBRARY = "libc++";
				CLANG_ENABLE_MODULES = YES;
				CLANG_ENABLE_OBJC_ARC = YES;
				CLANG_WARN_BOOL_CONVERSION = YES;
				CLANG_WARN_CONSTANT_CONVERSION = YES;
				CLANG_WARN_DIRECT_OBJC_ISA_USAGE = YES_ERROR;
				CLANG_WARN_DOCUMENTATION_COMMENTS = YES;
				CLANG_WARN_EMPTY_BODY = YES;
				CLANG_WARN_ENUM_CONVERSION = YES;
				CLANG_WARN_INFINITE_RECURSION = YES;
				CLANG_WARN_INT_CONVERSION = YES;
				CLANG_WARN_OBJC_ROOT_CLASS = YES_ERROR;
				CLANG_WARN_SUSPICIOUS_MOVE = YES;
				CLANG_WARN_UNREACHABLE_CODE = YES;
				CLANG_WARN__DUPLICATE_METHOD_MATCH = YES;
				"CODE_SIGN_IDENTITY[sdk=iphoneos*]" = "iPhone Developer";
				COPY_PHASE_STRIP = NO;
				DEBUG_INFORMATION_FORMAT = dwarf;
				ENABLE_STRICT_OBJC_MSGSEND = YES;
				ENABLE_TESTABILITY = YES;
				GCC_C_LANGUAGE_STANDARD = gnu99;
				GCC_DYNAMIC_NO_PIC = NO;
				GCC_NO_COMMON_BLOCKS = YES;
				GCC_OPTIMIZATION_LEVEL = 0;
				GCC_PREPROCESSOR_DEFINITIONS = (
					"DEBUG=1",
					"$(inherited)",
				);
				GCC_WARN_64_TO_32_BIT_CONVERSION = YES;
				GCC_WARN_ABOUT_RETURN_TYPE = YES_ERROR;
				GCC_WARN_UNDECLARED_SELECTOR = YES;
				GCC_WARN_UNINITIALIZED_AUTOS = YES_AGGRESSIVE;
				GCC_WARN_UNUSED_FUNCTION = YES;
				GCC_WARN_UNUSED_VARIABLE = YES;
				IPHONEOS_DEPLOYMENT_TARGET = 10.3;
				MTL_ENABLE_DEBUG_INFO = YES;
				ONLY_ACTIVE_ARCH = YES;
				SDKROOT = iphoneos;
				SWIFT_ACTIVE_COMPILATION_CONDITIONS = DEBUG;
				SWIFT_OPTIMIZATION_LEVEL = "-Onone";
			};
			name = Debug;
		};
		D40B15F91F80E84400A470D3 /* Release */ = {
			isa = XCBuildConfiguration;
			buildSettings = {
				ALWAYS_SEARCH_USER_PATHS = NO;
				CLANG_ANALYZER_NONNULL = YES;
				CLANG_ANALYZER_NUMBER_OBJECT_CONVERSION = YES_AGGRESSIVE;
				CLANG_CXX_LANGUAGE_STANDARD = "gnu++0x";
				CLANG_CXX_LIBRARY = "libc++";
				CLANG_ENABLE_MODULES = YES;
				CLANG_ENABLE_OBJC_ARC = YES;
				CLANG_WARN_BOOL_CONVERSION = YES;
				CLANG_WARN_CONSTANT_CONVERSION = YES;
				CLANG_WARN_DIRECT_OBJC_ISA_USAGE = YES_ERROR;
				CLANG_WARN_DOCUMENTATION_COMMENTS = YES;
				CLANG_WARN_EMPTY_BODY = YES;
				CLANG_WARN_ENUM_CONVERSION = YES;
				CLANG_WARN_INFINITE_RECURSION = YES;
				CLANG_WARN_INT_CONVERSION = YES;
				CLANG_WARN_OBJC_ROOT_CLASS = YES_ERROR;
				CLANG_WARN_SUSPICIOUS_MOVE = YES;
				CLANG_WARN_UNREACHABLE_CODE = YES;
				CLANG_WARN__DUPLICATE_METHOD_MATCH = YES;
				"CODE_SIGN_IDENTITY[sdk=iphoneos*]" = "iPhone Developer";
				COPY_PHASE_STRIP = NO;
				DEBUG_INFORMATION_FORMAT = "dwarf-with-dsym";
				ENABLE_NS_ASSERTIONS = NO;
				ENABLE_STRICT_OBJC_MSGSEND = YES;
				GCC_C_LANGUAGE_STANDARD = gnu99;
				GCC_NO_COMMON_BLOCKS = YES;
				GCC_WARN_64_TO_32_BIT_CONVERSION = YES;
				GCC_WARN_ABOUT_RETURN_TYPE = YES_ERROR;
				GCC_WARN_UNDECLARED_SELECTOR = YES;
				GCC_WARN_UNINITIALIZED_AUTOS = YES_AGGRESSIVE;
				GCC_WARN_UNUSED_FUNCTION = YES;
				GCC_WARN_UNUSED_VARIABLE = YES;
				IPHONEOS_DEPLOYMENT_TARGET = 10.3;
				MTL_ENABLE_DEBUG_INFO = NO;
				SDKROOT = iphoneos;
				SWIFT_OPTIMIZATION_LEVEL = "-Owholemodule";
				VALIDATE_PRODUCT = YES;
			};
			name = Release;
		};
		D40B15FB1F80E84400A470D3 /* Debug */ = {
			isa = XCBuildConfiguration;
			buildSettings = {
				ASSETCATALOG_COMPILER_APPICON_NAME = AppIcon;
				DEVELOPMENT_TEAM = 87BH34CAP6;
				INFOPLIST_FILE = PredictCoffeeRoasting/Info.plist;
				LD_RUNPATH_SEARCH_PATHS = "$(inherited) @executable_path/Frameworks";
				PRODUCT_BUNDLE_IDENTIFIER = com.donggukVision.PredictCoffeeRoasting;
				PRODUCT_NAME = "$(TARGET_NAME)";
				SWIFT_VERSION = 3.0;
			};
			name = Debug;
		};
		D40B15FC1F80E84400A470D3 /* Release */ = {
			isa = XCBuildConfiguration;
			buildSettings = {
				ASSETCATALOG_COMPILER_APPICON_NAME = AppIcon;
				DEVELOPMENT_TEAM = 87BH34CAP6;
				INFOPLIST_FILE = PredictCoffeeRoasting/Info.plist;
				LD_RUNPATH_SEARCH_PATHS = "$(inherited) @executable_path/Frameworks";
				PRODUCT_BUNDLE_IDENTIFIER = com.donggukVision.PredictCoffeeRoasting;
				PRODUCT_NAME = "$(TARGET_NAME)";
				SWIFT_VERSION = 3.0;
			};
			name = Release;
		};
/* End XCBuildConfiguration section */

/* Begin XCConfigurationList section */
		D40B15E31F80E84400A470D3 /* Build configuration list for PBXProject "PredictCoffeeRoasting" */ = {
			isa = XCConfigurationList;
			buildConfigurations = (
				D40B15F81F80E84400A470D3 /* Debug */,
				D40B15F91F80E84400A470D3 /* Release */,
			);
			defaultConfigurationIsVisible = 0;
			defaultConfigurationName = Release;
		};
		D40B15FA1F80E84400A470D3 /* Build configuration list for PBXNativeTarget "PredictCoffeeRoasting" */ = {
			isa = XCConfigurationList;
			buildConfigurations = (
				D40B15FB1F80E84400A470D3 /* Debug */,
				D40B15FC1F80E84400A470D3 /* Release */,
			);
			defaultConfigurationIsVisible = 0;
		};
/* End XCConfigurationList section */
	};
	rootObject = D40B15E01F80E84400A470D3 /* Project object */;
}
